
Microsoft Visual Studio Solution File, Format Version 12.00
# Visual Studio Version 17
VisualStudioVersion = 17.4.33403.182
MinimumVisualStudioVersion = 10.0.40219.1
Project("{FAE04EC0-301F-11D3-BF4B-00C04F79EFBC}") = "LearningLanguagePlatform", "LearningLanguagePlatform.csproj", "{D4BC6915-B0AC-4B7E-B50F-751D188B761A}"
EndProject
Global
	GlobalSection(SolutionConfigurationPlatforms) = preSolution
		Debug|Any CPU = Debug|Any CPU
		Release|Any CPU = Release|Any CPU
	EndGlobalSection
	GlobalSection(ProjectConfigurationPlatforms) = postSolution
		{D4BC6915-B0AC-4B7E-B50F-751D188B761A}.Debug|Any CPU.ActiveCfg = Debug|Any CPU
		{D4BC6915-B0AC-4B7E-B50F-751D188B761A}.Debug|Any CPU.Build.0 = Debug|Any CPU
		{D4BC6915-B0AC-4B7E-B50F-751D188B761A}.Release|Any CPU.ActiveCfg = Release|Any CPU
		{D4BC6915-B0AC-4B7E-B50F-751D188B761A}.Release|Any CPU.Build.0 = Release|Any CPU
	EndGlobalSection
	GlobalSection(SolutionProperties) = preSolution
		HideSolutionNode = FALSE
	EndGlobalSection
	GlobalSection(ExtensibilityGlobals) = postSolution
		SolutionGuid = {C70E7AAB-70FE-4AFB-AB43-2809C9B5CAF7}
	EndGlobalSection
EndGlobal
